
Microsoft Visual Studio Solution File, Format Version 12.00
# Visual Studio Version 16
VisualStudioVersion = 16.0.30204.135
MinimumVisualStudioVersion = 10.0.40219.1
Project("{8BC9CEB8-8B4A-11D0-8D11-00A0C91BC942}") = "Practical1", "Practical1\Practical1.vcxproj", "{9B6B80AA-7EDE-4B86-96EF-37DE104C0B64}"
EndProject
Project("{8BC9CEB8-8B4A-11D0-8D11-00A0C91BC942}") = "Practical2", "Practical2\Practical2.vcxproj", "{FC9FE07C-1B48-46CC-8F55-2D12C849CC4D}"
EndProject
Project("{8BC9CEB8-8B4A-11D0-8D11-00A0C91BC942}") = "Practical3", "Practical3\Practical3.vcxproj", "{2F9A1903-2230-47B5-8CFD-B52E72D86B83}"
EndProject
Project("{8BC9CEB8-8B4A-11D0-8D11-00A0C91BC942}") = "Practical4", "Practical4\Practical4.vcxproj", "{B6BA7AFB-D550-4917-9C33-8A1D3D72F60D}"
EndProject
Project("{8BC9CEB8-8B4A-11D0-8D11-00A0C91BC942}") = "Practical5", "Practical5\Practical5.vcxproj", "{73CDEC3B-8405-4035-88EC-2F6E6A57735F}"
EndProject
Project("{8BC9CEB8-8B4A-11D0-8D11-00A0C91BC942}") = "Practical2_Pointer2", "Practical2_Pointer2\Practical2_Pointer2.vcxproj", "{63C49BF8-6687-4CCB-B3D6-87C0425FD07F}"
EndProject
Project("{8BC9CEB8-8B4A-11D0-8D11-00A0C91BC942}") = "Search", "Search\Search.vcxproj", "{CD7A7D8C-E08B-4286-890E-2BC42FF3986A}"
EndProject
Project("{8BC9CEB8-8B4A-11D0-8D11-00A0C91BC942}") = "Arrays", "Arrays\Arrays.vcxproj", "{0EDF0F78-3F02-4706-ADF3-611F92F102BF}"
EndProject
Global
	GlobalSection(SolutionConfigurationPlatforms) = preSolution
		Debug|x64 = Debug|x64
		Debug|x86 = Debug|x86
		Release|x64 = Release|x64
		Release|x86 = Release|x86
	EndGlobalSection
	GlobalSection(ProjectConfigurationPlatforms) = postSolution
		{9B6B80AA-7EDE-4B86-96EF-37DE104C0B64}.Debug|x64.ActiveCfg = Debug|x64
		{9B6B80AA-7EDE-4B86-96EF-37DE104C0B64}.Debug|x64.Build.0 = Debug|x64
		{9B6B80AA-7EDE-4B86-96EF-37DE104C0B64}.Debug|x86.ActiveCfg = Debug|Win32
		{9B6B80AA-7EDE-4B86-96EF-37DE104C0B64}.Debug|x86.Build.0 = Debug|Win32
		{9B6B80AA-7EDE-4B86-96EF-37DE104C0B64}.Release|x64.ActiveCfg = Release|x64
		{9B6B80AA-7EDE-4B86-96EF-37DE104C0B64}.Release|x64.Build.0 = Release|x64
		{9B6B80AA-7EDE-4B86-96EF-37DE104C0B64}.Release|x86.ActiveCfg = Release|Win32
		{9B6B80AA-7EDE-4B86-96EF-37DE104C0B64}.Release|x86.Build.0 = Release|Win32
		{FC9FE07C-1B48-46CC-8F55-2D12C849CC4D}.Debug|x64.ActiveCfg = Debug|x64
		{FC9FE07C-1B48-46CC-8F55-2D12C849CC4D}.Debug|x64.Build.0 = Debug|x64
		{FC9FE07C-1B48-46CC-8F55-2D12C849CC4D}.Debug|x86.ActiveCfg = Debug|Win32
		{FC9FE07C-1B48-46CC-8F55-2D12C849CC4D}.Debug|x86.Build.0 = Debug|Win32
		{FC9FE07C-1B48-46CC-8F55-2D12C849CC4D}.Release|x64.ActiveCfg = Release|x64
		{FC9FE07C-1B48-46CC-8F55-2D12C849CC4D}.Release|x64.Build.0 = Release|x64
		{FC9FE07C-1B48-46CC-8F55-2D12C849CC4D}.Release|x86.ActiveCfg = Release|Win32
		{FC9FE07C-1B48-46CC-8F55-2D12C849CC4D}.Release|x86.Build.0 = Release|Win32
		{2F9A1903-2230-47B5-8CFD-B52E72D86B83}.Debug|x64.ActiveCfg = Debug|x64
		{2F9A1903-2230-47B5-8CFD-B52E72D86B83}.Debug|x64.Build.0 = Debug|x64
		{2F9A1903-2230-47B5-8CFD-B52E72D86B83}.Debug|x86.ActiveCfg = Debug|Win32
		{2F9A1903-2230-47B5-8CFD-B52E72D86B83}.Debug|x86.Build.0 = Debug|Win32
		{2F9A1903-2230-47B5-8CFD-B52E72D86B83}.Release|x64.ActiveCfg = Release|x64
		{2F9A1903-2230-47B5-8CFD-B52E72D86B83}.Release|x64.Build.0 = Release|x64
		{2F9A1903-2230-47B5-8CFD-B52E72D86B83}.Release|x86.ActiveCfg = Release|Win32
		{2F9A1903-2230-47B5-8CFD-B52E72D86B83}.Release|x86.Build.0 = Release|Win32
		{B6BA7AFB-D550-4917-9C33-8A1D3D72F60D}.Debug|x64.ActiveCfg = Debug|x64
		{B6BA7AFB-D550-4917-9C33-8A1D3D72F60D}.Debug|x64.Build.0 = Debug|x64
		{B6BA7AFB-D550-4917-9C33-8A1D3D72F60D}.Debug|x86.ActiveCfg = Debug|Win32
		{B6BA7AFB-D550-4917-9C33-8A1D3D72F60D}.Debug|x86.Build.0 = Debug|Win32
		{B6BA7AFB-D550-4917-9C33-8A1D3D72F60D}.Release|x64.ActiveCfg = Release|x64
		{B6BA7AFB-D550-4917-9C33-8A1D3D72F60D}.Release|x64.Build.0 = Release|x64
		{B6BA7AFB-D550-4917-9C33-8A1D3D72F60D}.Release|x86.ActiveCfg = Release|Win32
		{B6BA7AFB-D550-4917-9C33-8A1D3D72F60D}.Release|x86.Build.0 = Release|Win32
		{73CDEC3B-8405-4035-88EC-2F6E6A57735F}.Debug|x64.ActiveCfg = Debug|x64
		{73CDEC3B-8405-4035-88EC-2F6E6A57735F}.Debug|x64.Build.0 = Debug|x64
		{73CDEC3B-8405-4035-88EC-2F6E6A57735F}.Debug|x86.ActiveCfg = Debug|Win32
		{73CDEC3B-8405-4035-88EC-2F6E6A57735F}.Debug|x86.Build.0 = Debug|Win32
		{73CDEC3B-8405-4035-88EC-2F6E6A57735F}.Release|x64.ActiveCfg = Release|x64
		{73CDEC3B-8405-4035-88EC-2F6E6A57735F}.Release|x64.Build.0 = Release|x64
		{73CDEC3B-8405-4035-88EC-2F6E6A57735F}.Release|x86.ActiveCfg = Release|Win32
		{73CDEC3B-8405-4035-88EC-2F6E6A57735F}.Release|x86.Build.0 = Release|Win32
		{63C49BF8-6687-4CCB-B3D6-87C0425FD07F}.Debug|x64.ActiveCfg = Debug|x64
		{63C49BF8-6687-4CCB-B3D6-87C0425FD07F}.Debug|x64.Build.0 = Debug|x64
		{63C49BF8-6687-4CCB-B3D6-87C0425FD07F}.Debug|x86.ActiveCfg = Debug|Win32
		{63C49BF8-6687-4CCB-B3D6-87C0425FD07F}.Debug|x86.Build.0 = Debug|Win32
		{63C49BF8-6687-4CCB-B3D6-87C0425FD07F}.Release|x64.ActiveCfg = Release|x64
		{63C49BF8-6687-4CCB-B3D6-87C0425FD07F}.Release|x64.Build.0 = Release|x64
		{63C49BF8-6687-4CCB-B3D6-87C0425FD07F}.Release|x86.ActiveCfg = Release|Win32
		{63C49BF8-6687-4CCB-B3D6-87C0425FD07F}.Release|x86.Build.0 = Release|Win32
		{CD7A7D8C-E08B-4286-890E-2BC42FF3986A}.Debug|x64.ActiveCfg = Debug|x64
		{CD7A7D8C-E08B-4286-890E-2BC42FF3986A}.Debug|x64.Build.0 = Debug|x64
		{CD7A7D8C-E08B-4286-890E-2BC42FF3986A}.Debug|x86.ActiveCfg = Debug|Win32
		{CD7A7D8C-E08B-4286-890E-2BC42FF3986A}.Debug|x86.Build.0 = Debug|Win32
		{CD7A7D8C-E08B-4286-890E-2BC42FF3986A}.Release|x64.ActiveCfg = Release|x64
		{CD7A7D8C-E08B-4286-890E-2BC42FF3986A}.Release|x64.Build.0 = Release|x64
		{CD7A7D8C-E08B-4286-890E-2BC42FF3986A}.Release|x86.ActiveCfg = Release|Win32
		{CD7A7D8C-E08B-4286-890E-2BC42FF3986A}.Release|x86.Build.0 = Release|Win32
		{0EDF0F78-3F02-4706-ADF3-611F92F102BF}.Debug|x64.ActiveCfg = Debug|x64
		{0EDF0F78-3F02-4706-ADF3-611F92F102BF}.Debug|x64.Build.0 = Debug|x64
		{0EDF0F78-3F02-4706-ADF3-611F92F102BF}.Debug|x86.ActiveCfg = Debug|Win32
		{0EDF0F78-3F02-4706-ADF3-611F92F102BF}.Debug|x86.Build.0 = Debug|Win32
		{0EDF0F78-3F02-4706-ADF3-611F92F102BF}.Release|x64.ActiveCfg = Release|x64
		{0EDF0F78-3F02-4706-ADF3-611F92F102BF}.Release|x64.Build.0 = Release|x64
		{0EDF0F78-3F02-4706-ADF3-611F92F102BF}.Release|x86.ActiveCfg = Release|Win32
		{0EDF0F78-3F02-4706-ADF3-611F92F102BF}.Release|x86.Build.0 = Release|Win32
	EndGlobalSection
	GlobalSection(SolutionProperties) = preSolution
		HideSolutionNode = FALSE
	EndGlobalSection
	GlobalSection(ExtensibilityGlobals) = postSolution
		SolutionGuid = {FD8A49CB-E69D-4A61-9027-56883E3A2877}
	EndGlobalSection
EndGlobal
